{
  "name": "main",
  "lockfileVersion": 2,
  "requires": true,
  "packages": {
    "": {
      "dependencies": {
        "@prb/math": "^3.3.0"
      },
      "devDependencies": {
        "erc721a": "^4.2.3"
      }
    },
    "node_modules/@prb/math": {
      "version": "3.3.0",
      "resolved": "https://registry.npmjs.org/@prb/math/-/math-3.3.0.tgz",
      "integrity": "sha512-NlWr/LqCsz/4HZTBlYkp5UCjMrArejSp2gtmJf54McG1aYWRXQO9UmbRmyhQxSOSwlLw34tJsROFFLns8R9JHg=="
    },
    "node_modules/erc721a": {
      "version": "4.2.3",
      "resolved": "https://registry.npmjs.org/erc721a/-/erc721a-4.2.3.tgz",
      "integrity": "sha512-0deF0hOOK1XI1Vxv3NKDh2E9sgzRlENuOoexjXRJIRfYCsLlqi9ejl2RF6Wcd9HfH0ldqC03wleQ2WDjxoOUvA==",
      "dev": true
    }
  },
  "dependencies": {
    "@prb/math": {
      "version": "3.3.0",
      "resolved": "https://registry.npmjs.org/@prb/math/-/math-3.3.0.tgz",
      "integrity": "sha512-NlWr/LqCsz/4HZTBlYkp5UCjMrArejSp2gtmJf54McG1aYWRXQO9UmbRmyhQxSOSwlLw34tJsROFFLns8R9JHg=="
    },
    "erc721a": {
      "version": "4.2.3",
      "resolved": "https://registry.npmjs.org/erc721a/-/erc721a-4.2.3.tgz",
      "integrity": "sha512-0deF0hOOK1XI1Vxv3NKDh2E9sgzRlENuOoexjXRJIRfYCsLlqi9ejl2RF6Wcd9HfH0ldqC03wleQ2WDjxoOUvA==",
      "dev": true
    }
  }
}
